schema: '2.0'
stages:
  data_ingestion:
    cmd: python src/data/data_ingestion.py
    deps:
    - path: src/data/data_ingestion.py
      hash: md5
      md5: 54cc538ae975b56a0b9de32fb92c158a
      size: 3248
    outs:
    - path: data/raw
      hash: md5
      md5: 637c3006c30ffade2132fee7afdae7ae.dir
      size: 3559698
      nfiles: 2
  data_preprocessing:
    cmd: python src/data/data_preprocessing.py
    deps:
    - path: data/raw
      hash: md5
      md5: 637c3006c30ffade2132fee7afdae7ae.dir
      size: 3559698
      nfiles: 2
    - path: src/data/data_preprocessing.py
      hash: md5
      md5: 13b8fd0636002f29feac22b18cf24fdd
      size: 4622
    outs:
    - path: data/interim
      hash: md5
      md5: 157b26e2124719f39724a76309b999d2.dir
      size: 2790797
      nfiles: 2
  feature_engineering:
    cmd: python src/features/feature_engineering.py
    deps:
    - path: data/interim
      hash: md5
      md5: 157b26e2124719f39724a76309b999d2.dir
      size: 2790797
      nfiles: 2
    - path: src/features/feature_engineering.py
      hash: md5
      md5: 853bf8aa8a1ae99dce82a71d39dd929c
      size: 4613
    outs:
    - path: data/processed
      hash: md5
      md5: 4b4001b5261edce4945003e40c2f50bc.dir
      size: 4552255
      nfiles: 2
  model_building:
    cmd: python src/models/model_building.py
    deps:
    - path: data/processed
      hash: md5
      md5: 4b4001b5261edce4945003e40c2f50bc.dir
      size: 4552255
      nfiles: 2
    - path: src/models/model_building.py
      hash: md5
      md5: 25a9e8781e4b97bd1e979232f9d6e834
      size: 1257
    outs:
    - path: models/model.pkl
      hash: md5
      md5: 14e6f55e9f6c93f55f77c689258f0e30
      size: 155151
  model_evaluation:
    cmd: python src/models/model_evaluation.py
    deps:
    - path: models/model.pkl
      hash: md5
      md5: 14e6f55e9f6c93f55f77c689258f0e30
      size: 155151
    - path: src/models/model_evaluation.py
      hash: md5
      md5: 93d2e6e9e1a43507ec4f92581fe8f044
      size: 1317
    outs:
    - path: reports/metrics.json
      hash: md5
      md5: 250bc51f29b3a2b80f0ba64da0039dbf
      size: 72
