schema: '2.0'
stages:
  data_ingestion:
    cmd: python src/data/data_ingestion.py
    deps:
    - path: src/data/data_ingestion.py
      hash: md5
      md5: b51328b5c42b431a29a16354fda65071
      size: 3485
    outs:
    - path: data/raw
      hash: md5
      md5: 03993d542275baa6eb818f0259e73789.dir
      size: 2164315
      nfiles: 2
  data_preprocessing:
    cmd: python src/data/data_preprocessing.py
    deps:
    - path: data/raw
      hash: md5
      md5: 03993d542275baa6eb818f0259e73789.dir
      size: 2164315
      nfiles: 2
    - path: src/data/data_preprocessing.py
      hash: md5
      md5: 089cfc78c9950861b2c057510e26b81e
      size: 4632
    outs:
    - path: data/interim
      hash: md5
      md5: 7e2fe4b5ef84292aec41684b9f6e029f.dir
      size: 1663416
      nfiles: 2
  feature_engineering:
    cmd: python src/features/feature_engineering.py
    deps:
    - path: data/interim
      hash: md5
      md5: 7e2fe4b5ef84292aec41684b9f6e029f.dir
      size: 1663416
      nfiles: 2
    - path: src/features/feature_engineering.py
      hash: md5
      md5: 4d983b681c6890bc339c800a50d34067
      size: 4623
    outs:
    - path: data/processed
      hash: md5
      md5: 1f3abd95fc3b19cfba7ecfec93841325.dir
      size: 6287431
      nfiles: 2
  model_building:
    cmd: python src/models/model_building.py
    deps:
    - path: data/processed
      hash: md5
      md5: 1f3abd95fc3b19cfba7ecfec93841325.dir
      size: 6287431
      nfiles: 2
    - path: src/models/model_building.py
      hash: md5
      md5: c1b0919614197c519cc58403227be480
      size: 1272
    outs:
    - path: models/model.pkl
      hash: md5
      md5: d9da94a7be3ef3af308bb4b9926011d6
      size: 202286
  model_evaluation:
    cmd: python src/models/model_evaluation.py
    deps:
    - path: models/model.pkl
      hash: md5
      md5: d9da94a7be3ef3af308bb4b9926011d6
      size: 202286
    - path: src/models/model_evaluation.py
      hash: md5
      md5: 3f8f52605099557304d3c4d384bd71d7
      size: 1318
    outs:
    - path: reports/metrics.json
      hash: md5
      md5: aab663b6f8aca8dee3f700a70fa80dad
      size: 74
